{
  "name": "@react-native-async-storage/async-storage",
  "version": "0.0.1",
  "lockfileVersion": 2,
  "requires": true,
  "packages": {
    "": {
      "name": "@react-native-async-storage/async-storage",
      "version": "0.0.1",
      "license": "ISC",
      "dependencies": {
        "react-native-keychain": "^8.0.0"
      }
    },
    "node_modules/react-native-keychain": {
      "version": "8.0.0",
      "resolved": "https://registry.npmjs.org/react-native-keychain/-/react-native-keychain-8.0.0.tgz",
      "integrity": "sha512-c7Cs+YQN26UaQsRG1dmlXL7VL2ctnXwH/dl0IOMEQ7ZaL2NdN313YSAI8ZEZZjrVhNmPsyWEuvTFqWrdpItqQg=="
    }
  },
  "dependencies": {
    "react-native-keychain": {
      "version": "8.0.0",
      "resolved": "https://registry.npmjs.org/react-native-keychain/-/react-native-keychain-8.0.0.tgz",
      "integrity": "sha512-c7Cs+YQN26UaQsRG1dmlXL7VL2ctnXwH/dl0IOMEQ7ZaL2NdN313YSAI8ZEZZjrVhNmPsyWEuvTFqWrdpItqQg=="
    }
  }
}
