{
  "name": "@react-native-async-storage/async-storage",
  "version": "1.18.1",
  "lockfileVersion": 2,
  "requires": true,
  "packages": {
    "": {
      "name": "@react-native-async-storage/async-storage",
      "version": "1.18.1",
      "license": "ISC",
      "devDependencies": {
        "typescript": "^5.1.3"
      },
      "peerDependencies": {
        "react-native-keychain": "8.0.0"
      }
    },
    "node_modules/react-native-keychain": {
      "version": "8.0.0",
      "resolved": "https://registry.npmjs.org/react-native-keychain/-/react-native-keychain-8.0.0.tgz",
      "integrity": "sha512-c7Cs+YQN26UaQsRG1dmlXL7VL2ctnXwH/dl0IOMEQ7ZaL2NdN313YSAI8ZEZZjrVhNmPsyWEuvTFqWrdpItqQg==",
      "peer": true
    },
    "node_modules/typescript": {
      "version": "5.1.3",
      "resolved": "https://registry.npmjs.org/typescript/-/typescript-5.1.3.tgz",
      "integrity": "sha512-XH627E9vkeqhlZFQuL+UsyAXEnibT0kWR2FWONlr4sTjvxyJYnyefgrkyECLzM5NenmKzRAy2rR/OlYLA1HkZw==",
      "dev": true,
      "bin": {
        "tsc": "bin/tsc",
        "tsserver": "bin/tsserver"
      },
      "engines": {
        "node": ">=14.17"
      }
    }
  },
  "dependencies": {
    "react-native-keychain": {
      "version": "8.0.0",
      "resolved": "https://registry.npmjs.org/react-native-keychain/-/react-native-keychain-8.0.0.tgz",
      "integrity": "sha512-c7Cs+YQN26UaQsRG1dmlXL7VL2ctnXwH/dl0IOMEQ7ZaL2NdN313YSAI8ZEZZjrVhNmPsyWEuvTFqWrdpItqQg==",
      "peer": true
    },
    "typescript": {
      "version": "5.1.3",
      "resolved": "https://registry.npmjs.org/typescript/-/typescript-5.1.3.tgz",
      "integrity": "sha512-XH627E9vkeqhlZFQuL+UsyAXEnibT0kWR2FWONlr4sTjvxyJYnyefgrkyECLzM5NenmKzRAy2rR/OlYLA1HkZw==",
      "dev": true
    }
  }
}
